
Microsoft Visual Studio Solution File, Format Version 12.00
# Visual Studio Version 17
VisualStudioVersion = 17.7.34221.43
MinimumVisualStudioVersion = 10.0.40219.1
Project("{FAE04EC0-301F-11D3-BF4B-00C04F79EFBC}") = "YapiciMethod", "YapiciMethod\YapiciMethod.csproj", "{FE89B87E-1626-4210-9332-560487EAE136}"
EndProject
Global
	GlobalSection(SolutionConfigurationPlatforms) = preSolution
		Debug|Any CPU = Debug|Any CPU
		Release|Any CPU = Release|Any CPU
	EndGlobalSection
	GlobalSection(ProjectConfigurationPlatforms) = postSolution
		{FE89B87E-1626-4210-9332-560487EAE136}.Debug|Any CPU.ActiveCfg = Debug|Any CPU
		{FE89B87E-1626-4210-9332-560487EAE136}.Debug|Any CPU.Build.0 = Debug|Any CPU
		{FE89B87E-1626-4210-9332-560487EAE136}.Release|Any CPU.ActiveCfg = Release|Any CPU
		{FE89B87E-1626-4210-9332-560487EAE136}.Release|Any CPU.Build.0 = Release|Any CPU
	EndGlobalSection
	GlobalSection(SolutionProperties) = preSolution
		HideSolutionNode = FALSE
	EndGlobalSection
	GlobalSection(ExtensibilityGlobals) = postSolution
		SolutionGuid = {8D4A53D5-9EC6-4373-823C-9AF89A6DB55F}
	EndGlobalSection
EndGlobal
